Microsoft Visual Studio Solution File, Format Version 1.00
Project("{66355F20-A65B-11D0-BFB5-00A0C91EBFA0}") = "bank", "bank.vjp", "{5EFDEA4F-AF28-4CA2-9AC1-4DC27D152824}"
EndProject
Global
	GlobalSection(LocalDeployment) = postSolution
		StartupProject = {5EFDEA4F-AF28-4CA2-9AC1-4DC27D152824}
	EndGlobalSection
	GlobalSection(BuildOrder) = postSolution
		0 = {5EFDEA4F-AF28-4CA2-9AC1-4DC27D152824}
	EndGlobalSection
	GlobalSection(DeploymentRoot) = postSolution
	EndGlobalSection
EndGlobal
